
Microsoft Visual Studio Solution File, Format Version 12.00
# Visual Studio 14
VisualStudioVersion = 14.0.25123.0
MinimumVisualStudioVersion = 10.0.40219.1
Project("{FAE04EC0-301F-11D3-BF4B-00C04F79EFBC}") = "Kanq.Web", "Kanq.Web\Kanq.Web.csproj", "{C0586C70-6EF6-4497-8189-091EA266EF7F}"
EndProject
Project("{FAE04EC0-301F-11D3-BF4B-00C04F79EFBC}") = "Kanq.Common", "Kanq.Common\Kanq.Common.csproj", "{180FC7E3-B520-4B6C-A3A0-F3AE06F7ACCA}"
EndProject
Global
	GlobalSection(SolutionConfigurationPlatforms) = preSolution
		Debug|Any CPU = Debug|Any CPU
		Release|Any CPU = Release|Any CPU
	EndGlobalSection
	GlobalSection(ProjectConfigurationPlatforms) = postSolution
		{C0586C70-6EF6-4497-8189-091EA266EF7F}.Debug|Any CPU.ActiveCfg = Debug|Any CPU
		{C0586C70-6EF6-4497-8189-091EA266EF7F}.Debug|Any CPU.Build.0 = Debug|Any CPU
		{C0586C70-6EF6-4497-8189-091EA266EF7F}.Release|Any CPU.ActiveCfg = Release|Any CPU
		{C0586C70-6EF6-4497-8189-091EA266EF7F}.Release|Any CPU.Build.0 = Release|Any CPU
		{180FC7E3-B520-4B6C-A3A0-F3AE06F7ACCA}.Debug|Any CPU.ActiveCfg = Debug|Any CPU
		{180FC7E3-B520-4B6C-A3A0-F3AE06F7ACCA}.Debug|Any CPU.Build.0 = Debug|Any CPU
		{180FC7E3-B520-4B6C-A3A0-F3AE06F7ACCA}.Release|Any CPU.ActiveCfg = Release|Any CPU
		{180FC7E3-B520-4B6C-A3A0-F3AE06F7ACCA}.Release|Any CPU.Build.0 = Release|Any CPU
	EndGlobalSection
	GlobalSection(SolutionProperties) = preSolution
		HideSolutionNode = FALSE
	EndGlobalSection
EndGlobal
